{
  "lockfile_version": "1",
  "packages": {
    "github:NixOS/nixpkgs/nixpkgs-unstable": {
      "last_modified": "2026-07-05T10:35:43Z",
      "resolved": "github:NixOS/nixpkgs/c4013e501c048ae7c4a8940c92837636042bf6c3?lastModified=1783247743&narHash=sha256-9b2xGt5CAd6WriPJOZs%2FEYXq9fGVCeoisYo1P3nhL2Y%3D"
    },
    "pre-commit@4.5.1": {
      "last_modified": "2026-06-27T07:37:20Z",
      "resolved": "github:NixOS/nixpkgs/3d46470bb3030020f7e1361f33514854f5bfa86d#pre-commit",
      "source": "devbox-search",
      "version": "4.5.1",
      "systems": {
        "aarch64-darwin": {
          "outputs": [
            {
              "name": "out",
              "path": "/nix/store/3a82wd5rc40p6nb5m6q779pm6mb5z54s-pre-commit-4.5.1",
              "default": true
            },
            {
              "name": "dist",
              "path": "/nix/store/sp0ikhh5qy1m8sx78n1d0bbfngcxiqap-pre-commit-4.5.1-dist"
            }
          ],
          "store_path": "/nix/store/3a82wd5rc40p6nb5m6q779pm6mb5z54s-pre-commit-4.5.1"
        },
        "aarch64-linux": {
          "outputs": [
            {
              "name": "out",
              "path": "/nix/store/f3y3xqyq6bwqpxma3b1vgrgg27gmwcla-pre-commit-4.5.1",
              "default": true
            },
            {
              "name": "dist",
              "path": "/nix/store/xx4dp6ajrcnhlakanf0y7jl406ri1chs-pre-commit-4.5.1-dist"
            }
          ],
          "store_path": "/nix/store/f3y3xqyq6bwqpxma3b1vgrgg27gmwcla-pre-commit-4.5.1"
        },
        "x86_64-darwin": {
          "outputs": [
            {
              "name": "out",
              "path": "/nix/store/51i9rjiyhdnxd96rp3cc8ykhcld7zhqq-pre-commit-4.5.1",
              "default": true
            },
            {
              "name": "dist",
              "path": "/nix/store/hphzzlh3q6nz74px0mq2a1h7yqkyr35b-pre-commit-4.5.1-dist"
            }
          ],
          "store_path": "/nix/store/51i9rjiyhdnxd96rp3cc8ykhcld7zhqq-pre-commit-4.5.1"
        },
        "x86_64-linux": {
          "outputs": [
            {
              "name": "out",
              "path": "/nix/store/pi00kf1m0bs82i4f3gjhyjavczhza541-pre-commit-4.5.1",
              "default": true
            },
            {
              "name": "dist",
              "path": "/nix/store/h99x0cd5s00nyp3l9f9cr8wlzm811vaz-pre-commit-4.5.1-dist"
            }
          ],
          "store_path": "/nix/store/pi00kf1m0bs82i4f3gjhyjavczhza541-pre-commit-4.5.1"
        }
      }
    },
    "uv@0.11.16": {
      "last_modified": "2026-05-24T03:33:00Z",
      "resolved": "github:NixOS/nixpkgs/d849bb215dcdf71bce3e686839ccdb4219e84b2f#uv",
      "source": "devbox-search",
      "version": "0.11.16",
      "systems": {
        "aarch64-darwin": {
          "outputs": [
            {
              "name": "out",
              "path": "/nix/store/x4r8sci8i3yzdr7anhvbwgl1xjyvhgfr-uv-0.11.16",
              "default": true
            }
          ],
          "store_path": "/nix/store/x4r8sci8i3yzdr7anhvbwgl1xjyvhgfr-uv-0.11.16"
        },
        "aarch64-linux": {
          "outputs": [
            {
              "name": "out",
              "path": "/nix/store/9h1ajamiaj7zxq1v72zwdg486np93ck0-uv-0.11.16",
              "default": true
            }
          ],
          "store_path": "/nix/store/9h1ajamiaj7zxq1v72zwdg486np93ck0-uv-0.11.16"
        },
        "x86_64-darwin": {
          "outputs": [
            {
              "name": "out",
              "path": "/nix/store/l9ns6x700j1yijay157jahy5kkixg4ka-uv-0.11.16",
              "default": true
            }
          ],
          "store_path": "/nix/store/l9ns6x700j1yijay157jahy5kkixg4ka-uv-0.11.16"
        },
        "x86_64-linux": {
          "outputs": [
            {
              "name": "out",
              "path": "/nix/store/hq1ygvwk5p6w6iyvfqfpvxbwjvi1b2cw-uv-0.11.16",
              "default": true
            }
          ],
          "store_path": "/nix/store/hq1ygvwk5p6w6iyvfqfpvxbwjvi1b2cw-uv-0.11.16"
        }
      }
    }
  }
}
