{
  "lockfile_version": "1",
  "packages": {
    "github:NixOS/nixpkgs/nixpkgs-unstable": {
      "last_modified": "2026-03-06T04:25:18Z",
      "resolved": "github:NixOS/nixpkgs/e38213b91d3786389a446dfce4ff5a8aaf6012f2?lastModified=1772771118&narHash=sha256-xWzaTvmmACR%2FSRWtABgI%2FZ97lcqwJAeoSd5QW1KdK1s%3D"
    },
    "pre-commit@4.5.1": {
      "last_modified": "2026-02-23T15:40:43Z",
      "resolved": "github:NixOS/nixpkgs/80d901ec0377e19ac3f7bb8c035201e2e098cc97#pre-commit",
      "source": "devbox-search",
      "version": "4.5.1",
      "systems": {
        "aarch64-darwin": {
          "outputs": [
            {
              "name": "out",
              "path": "/nix/store/l55n4b26170g382dxchwchs5bb2mm816-pre-commit-4.5.1",
              "default": true
            },
            {
              "name": "dist",
              "path": "/nix/store/vx8bcz0p4c4nr57i0kszdnfk3vrxhc4n-pre-commit-4.5.1-dist"
            }
          ],
          "store_path": "/nix/store/l55n4b26170g382dxchwchs5bb2mm816-pre-commit-4.5.1"
        },
        "aarch64-linux": {
          "outputs": [
            {
              "name": "out",
              "path": "/nix/store/vry6jkxxy96b4vv8sr2yw2p2llangkd5-pre-commit-4.5.1",
              "default": true
            },
            {
              "name": "dist",
              "path": "/nix/store/l94g308gxsvwzil56ssvg0nb55gkjxfj-pre-commit-4.5.1-dist"
            }
          ],
          "store_path": "/nix/store/vry6jkxxy96b4vv8sr2yw2p2llangkd5-pre-commit-4.5.1"
        },
        "x86_64-darwin": {
          "outputs": [
            {
              "name": "out",
              "path": "/nix/store/h3g711srm8fn3c12xs638bhrgs7vqml4-pre-commit-4.5.1",
              "default": true
            },
            {
              "name": "dist",
              "path": "/nix/store/grbm0lk0i1fqliqj6lhgvymnr2kggvaj-pre-commit-4.5.1-dist"
            }
          ],
          "store_path": "/nix/store/h3g711srm8fn3c12xs638bhrgs7vqml4-pre-commit-4.5.1"
        },
        "x86_64-linux": {
          "outputs": [
            {
              "name": "out",
              "path": "/nix/store/j3m430mdag04c150qlr72zbvhmpkb1cz-pre-commit-4.5.1",
              "default": true
            },
            {
              "name": "dist",
              "path": "/nix/store/l3z236pck7hx6lz5x4s46xa0vkmjmvsh-pre-commit-4.5.1-dist"
            }
          ],
          "store_path": "/nix/store/j3m430mdag04c150qlr72zbvhmpkb1cz-pre-commit-4.5.1"
        }
      }
    },
    "uv@0.10.6": {
      "last_modified": "2026-02-27T06:27:13Z",
      "resolved": "github:NixOS/nixpkgs/c0f3d81a7ddbc2b1332be0d8481a672b4f6004d6#uv",
      "source": "devbox-search",
      "version": "0.10.6",
      "systems": {
        "aarch64-darwin": {
          "outputs": [
            {
              "name": "out",
              "path": "/nix/store/61a5czczvhkkpklp7m1v9s5jgx831n5k-uv-0.10.6",
              "default": true
            }
          ],
          "store_path": "/nix/store/61a5czczvhkkpklp7m1v9s5jgx831n5k-uv-0.10.6"
        },
        "aarch64-linux": {
          "outputs": [
            {
              "name": "out",
              "path": "/nix/store/idlqqwmwna55bqp3cm0ffd9fsl4lqq53-uv-0.10.6",
              "default": true
            }
          ],
          "store_path": "/nix/store/idlqqwmwna55bqp3cm0ffd9fsl4lqq53-uv-0.10.6"
        },
        "x86_64-darwin": {
          "outputs": [
            {
              "name": "out",
              "path": "/nix/store/962hr6lsb7fr36rj1yxwmdhh7a3i4c2g-uv-0.10.6",
              "default": true
            }
          ],
          "store_path": "/nix/store/962hr6lsb7fr36rj1yxwmdhh7a3i4c2g-uv-0.10.6"
        },
        "x86_64-linux": {
          "outputs": [
            {
              "name": "out",
              "path": "/nix/store/45bqnn1avsw82rxbigdy4app32aiqd8a-uv-0.10.6",
              "default": true
            }
          ],
          "store_path": "/nix/store/45bqnn1avsw82rxbigdy4app32aiqd8a-uv-0.10.6"
        }
      }
    }
  }
}
