# This file is automatically @generated by Poetry 1.8.3 and should not be changed by hand.

[[package]]
name = "asgiref"
version = "3.8.1"
description = "ASGI specs, helper code, and adapters"
optional = false
python-versions = ">=3.8"
files = [
    {file = "asgiref-3.8.1-py3-none-any.whl", hash = "sha256:3e1e3ecc849832fe52ccf2cb6686b7a55f82bb1d6aee72a58826471390335e47"},
    {file = "asgiref-3.8.1.tar.gz", hash = "sha256:c343bd80a0bec947a9860adb4c432ffa7db769836c64238fc34bdc3fec84d590"},
]

[package.extras]
tests = ["mypy (>=0.800)", "pytest", "pytest-asyncio"]

[[package]]
name = "dj-database-url"
version = "2.3.0"
description = "Use Database URLs in your Django Application."
optional = false
python-versions = "*"
files = [
    {file = "dj_database_url-2.3.0-py3-none-any.whl", hash = "sha256:bb0d414ba0ac5cd62773ec7f86f8cc378a9dbb00a80884c2fc08cc570452521e"},
    {file = "dj_database_url-2.3.0.tar.gz", hash = "sha256:ae52e8e634186b57e5a45e445da5dc407a819c2ceed8a53d1fac004cc5288787"},
]

[package.dependencies]
Django = ">=4.2"
typing_extensions = ">=3.10.0.0"

[[package]]
name = "django"
version = "5.1.3"
description = "A high-level Python web framework that encourages rapid development and clean, pragmatic design."
optional = false
python-versions = ">=3.10"
files = [
    {file = "Django-5.1.3-py3-none-any.whl", hash = "sha256:8b38a9a12da3ae00cb0ba72da985ec4b14de6345046b1e174b1fd7254398f818"},
    {file = "Django-5.1.3.tar.gz", hash = "sha256:c0fa0e619c39325a169208caef234f90baa925227032ad3f44842ba14d75234a"},
]

[package.dependencies]
asgiref = ">=3.8.1,<4"
sqlparse = ">=0.3.1"
tzdata = {version = "*", markers = "sys_platform == \"win32\""}

[package.extras]
argon2 = ["argon2-cffi (>=19.1.0)"]
bcrypt = ["bcrypt"]

[[package]]
name = "django-configurations"
version = "2.5.1"
description = "A helper for organizing Django settings."
optional = false
python-versions = "<4.0,>=3.8"
files = [
    {file = "django-configurations-2.5.1.tar.gz", hash = "sha256:6e5083757e2bbdf9bb7850567536b96a93515f6b17503d74928ff628db2e0e94"},
    {file = "django_configurations-2.5.1-py3-none-any.whl", hash = "sha256:ceb84858da2dac846b15e715c2fd936cfc4c7917c074aff8d31700564093955e"},
]

[package.dependencies]
django = ">=3.2"

[package.extras]
cache = ["django-cache-url"]
database = ["dj-database-url"]
email = ["dj-email-url"]
search = ["dj-search-url"]
testing = ["dj-database-url", "dj-email-url", "dj-search-url", "django-cache-url (>=1.0.0)"]

[[package]]
name = "django-debug-toolbar"
version = "4.4.6"
description = "A configurable set of panels that display various debug information about the current request/response."
optional = false
python-versions = ">=3.8"
files = [
    {file = "django_debug_toolbar-4.4.6-py3-none-any.whl", hash = "sha256:3beb671c9ec44ffb817fad2780667f172bd1c067dbcabad6268ce39a81335f45"},
    {file = "django_debug_toolbar-4.4.6.tar.gz", hash = "sha256:36e421cb908c2f0675e07f9f41e3d1d8618dc386392ec82d23bcfcd5d29c7044"},
]

[package.dependencies]
django = ">=4.2.9"
sqlparse = ">=0.2"

[[package]]
name = "django-extensions"
version = "3.2.3"
description = "Extensions for Django"
optional = false
python-versions = ">=3.6"
files = [
    {file = "django-extensions-3.2.3.tar.gz", hash = "sha256:44d27919d04e23b3f40231c4ab7af4e61ce832ef46d610cc650d53e68328410a"},
    {file = "django_extensions-3.2.3-py3-none-any.whl", hash = "sha256:9600b7562f79a92cbf1fde6403c04fee314608fefbb595502e34383ae8203401"},
]

[package.dependencies]
Django = ">=3.2"

[[package]]
name = "django4-bootstrap-breadcrumbs"
version = "0.10.0"
description = "Django breadcrumbs for Bootstrap 2, 3 or 4"
optional = false
python-versions = "*"
files = [
    {file = "django4_bootstrap_breadcrumbs-0.10.0-py3-none-any.whl", hash = "sha256:70c3e6c5ee9ec090af4e861ad2d3d6ae29b832c96fb89e353ef395d4d4ea576a"},
    {file = "django4_bootstrap_breadcrumbs-0.10.0.tar.gz", hash = "sha256:e7bfa697325f2d873c8a3a9ca6c6a180faf26345cdc7069d49fe2d941ce6262f"},
]

[package.dependencies]
six = "*"

[[package]]
name = "gunicorn"
version = "23.0.0"
description = "WSGI HTTP Server for UNIX"
optional = false
python-versions = ">=3.7"
files = [
    {file = "gunicorn-23.0.0-py3-none-any.whl", hash = "sha256:ec400d38950de4dfd418cff8328b2c8faed0edb0d517d3394e457c317908ca4d"},
    {file = "gunicorn-23.0.0.tar.gz", hash = "sha256:f014447a0101dc57e294f6c18ca6b40227a4c90e9bdb586042628030cba004ec"},
]

[package.dependencies]
packaging = "*"

[package.extras]
eventlet = ["eventlet (>=0.24.1,!=0.36.0)"]
gevent = ["gevent (>=1.4.0)"]
setproctitle = ["setproctitle"]
testing = ["coverage", "eventlet", "gevent", "pytest", "pytest-cov"]
tornado = ["tornado (>=0.2)"]

[[package]]
name = "packaging"
version = "24.2"
description = "Core utilities for Python packages"
optional = false
python-versions = ">=3.8"
files = [
    {file = "packaging-24.2-py3-none-any.whl", hash = "sha256:09abb1bccd265c01f4a3aa3f7a7db064b36514d2cba19a2f694fe6150451a759"},
    {file = "packaging-24.2.tar.gz", hash = "sha256:c228a6dc5e932d346bc5739379109d49e8853dd8223571c7c5b55260edc0b97f"},
]

[[package]]
name = "ruff"
version = "0.8.0"
description = "An extremely fast Python linter and code formatter, written in Rust."
optional = false
python-versions = ">=3.7"
files = [
    {file = "ruff-0.8.0-py3-none-linux_armv6l.whl", hash = "sha256:fcb1bf2cc6706adae9d79c8d86478677e3bbd4ced796ccad106fd4776d395fea"},
    {file = "ruff-0.8.0-py3-none-macosx_10_12_x86_64.whl", hash = "sha256:295bb4c02d58ff2ef4378a1870c20af30723013f441c9d1637a008baaf928c8b"},
    {file = "ruff-0.8.0-py3-none-macosx_11_0_arm64.whl", hash = "sha256:7b1f1c76b47c18fa92ee78b60d2d20d7e866c55ee603e7d19c1e991fad933a9a"},
    {file = "ruff-0.8.0-py3-none-manylinux_2_17_aarch64.manylinux2014_aarch64.whl", hash = "sha256:eb0d4f250a7711b67ad513fde67e8870109e5ce590a801c3722580fe98c33a99"},
    {file = "ruff-0.8.0-py3-none-manylinux_2_17_armv7l.manylinux2014_armv7l.whl", hash = "sha256:0e55cce9aa93c5d0d4e3937e47b169035c7e91c8655b0974e61bb79cf398d49c"},
    {file = "ruff-0.8.0-py3-none-manylinux_2_17_i686.manylinux2014_i686.whl", hash = "sha256:3f4cd64916d8e732ce6b87f3f5296a8942d285bbbc161acee7fe561134af64f9"},
    {file = "ruff-0.8.0-py3-none-manylinux_2_17_ppc64.manylinux2014_ppc64.whl", hash = "sha256:c5c1466be2a2ebdf7c5450dd5d980cc87c8ba6976fb82582fea18823da6fa362"},
    {file = "ruff-0.8.0-py3-none-manylinux_2_17_ppc64le.manylinux2014_ppc64le.whl", hash = "sha256:2dabfd05b96b7b8f2da00d53c514eea842bff83e41e1cceb08ae1966254a51df"},
    {file = "ruff-0.8.0-py3-none-manylinux_2_17_s390x.manylinux2014_s390x.whl", hash = "sha256:facebdfe5a5af6b1588a1d26d170635ead6892d0e314477e80256ef4a8470cf3"},
    {file = "ruff-0.8.0-py3-none-manylinux_2_17_x86_64.manylinux2014_x86_64.whl", hash = "sha256:87a8e86bae0dbd749c815211ca11e3a7bd559b9710746c559ed63106d382bd9c"},
    {file = "ruff-0.8.0-py3-none-musllinux_1_2_aarch64.whl", hash = "sha256:85e654f0ded7befe2d61eeaf3d3b1e4ef3894469cd664ffa85006c7720f1e4a2"},
    {file = "ruff-0.8.0-py3-none-musllinux_1_2_armv7l.whl", hash = "sha256:83a55679c4cb449fa527b8497cadf54f076603cc36779b2170b24f704171ce70"},
    {file = "ruff-0.8.0-py3-none-musllinux_1_2_i686.whl", hash = "sha256:812e2052121634cf13cd6fddf0c1871d0ead1aad40a1a258753c04c18bb71bbd"},
    {file = "ruff-0.8.0-py3-none-musllinux_1_2_x86_64.whl", hash = "sha256:780d5d8523c04202184405e60c98d7595bdb498c3c6abba3b6d4cdf2ca2af426"},
    {file = "ruff-0.8.0-py3-none-win32.whl", hash = "sha256:5fdb6efecc3eb60bba5819679466471fd7d13c53487df7248d6e27146e985468"},
    {file = "ruff-0.8.0-py3-none-win_amd64.whl", hash = "sha256:582891c57b96228d146725975fbb942e1f30a0c4ba19722e692ca3eb25cc9b4f"},
    {file = "ruff-0.8.0-py3-none-win_arm64.whl", hash = "sha256:ba93e6294e9a737cd726b74b09a6972e36bb511f9a102f1d9a7e1ce94dd206a6"},
    {file = "ruff-0.8.0.tar.gz", hash = "sha256:a7ccfe6331bf8c8dad715753e157457faf7351c2b69f62f32c165c2dbcbacd44"},
]

[[package]]
name = "six"
version = "1.16.0"
description = "Python 2 and 3 compatibility utilities"
optional = false
python-versions = ">=2.7, !=3.0.*, !=3.1.*, !=3.2.*"
files = [
    {file = "six-1.16.0-py2.py3-none-any.whl", hash = "sha256:8abb2f1d86890a2dfb989f9a77cfcfd3e47c2a354b01111771326f8aa26e0254"},
    {file = "six-1.16.0.tar.gz", hash = "sha256:1e61c37477a1626458e36f7b1d82aa5c9b094fa4802892072e49de9c60c4c926"},
]

[[package]]
name = "sqlparse"
version = "0.5.2"
description = "A non-validating SQL parser."
optional = false
python-versions = ">=3.8"
files = [
    {file = "sqlparse-0.5.2-py3-none-any.whl", hash = "sha256:e99bc85c78160918c3e1d9230834ab8d80fc06c59d03f8db2618f65f65dda55e"},
    {file = "sqlparse-0.5.2.tar.gz", hash = "sha256:9e37b35e16d1cc652a2545f0997c1deb23ea28fa1f3eefe609eee3063c3b105f"},
]

[package.extras]
dev = ["build", "hatch"]
doc = ["sphinx"]

[[package]]
name = "typing-extensions"
version = "4.12.2"
description = "Backported and Experimental Type Hints for Python 3.8+"
optional = false
python-versions = ">=3.8"
files = [
    {file = "typing_extensions-4.12.2-py3-none-any.whl", hash = "sha256:04e5ca0351e0f3f85c6853954072df659d0d13fac324d0072316b67d7794700d"},
    {file = "typing_extensions-4.12.2.tar.gz", hash = "sha256:1a7ead55c7e559dd4dee8856e3a88b41225abfe1ce8df57b7c13915fe121ffb8"},
]

[[package]]
name = "tzdata"
version = "2024.2"
description = "Provider of IANA time zone data"
optional = false
python-versions = ">=2"
files = [
    {file = "tzdata-2024.2-py2.py3-none-any.whl", hash = "sha256:a48093786cdcde33cad18c2555e8532f34422074448fbc874186f0abd79565cd"},
    {file = "tzdata-2024.2.tar.gz", hash = "sha256:7d85cc416e9382e69095b7bdf4afd9e3880418a2413feec7069d533d6b4e31cc"},
]

[[package]]
name = "whitenoise"
version = "6.8.2"
description = "Radically simplified static file serving for WSGI applications"
optional = false
python-versions = ">=3.9"
files = [
    {file = "whitenoise-6.8.2-py3-none-any.whl", hash = "sha256:df12dce147a043d1956d81d288c6f0044147c6d2ab9726e5772ac50fb45d2280"},
    {file = "whitenoise-6.8.2.tar.gz", hash = "sha256:486bd7267a375fa9650b136daaec156ac572971acc8bf99add90817a530dd1d4"},
]

[package.extras]
brotli = ["brotli"]

[metadata]
lock-version = "2.0"
python-versions = "^3.11"
content-hash = "79349d8fd6979ff62b42d47a32fa9d59ba44b182da799223d45449c71fef907a"
